
Microsoft Visual Studio Solution File, Format Version 12.00
# Visual Studio Version 16
VisualStudioVersion = 16.0.28922.388
MinimumVisualStudioVersion = 10.0.40219.1
Project("{FAE04EC0-301F-11D3-BF4B-00C04F79EFBC}") = "KarateChop", "KarateChop\KarateChop.csproj", "{A5C405C9-1080-4263-B2CC-BE100DDAE03E}"
EndProject
Project("{FAE04EC0-301F-11D3-BF4B-00C04F79EFBC}") = "KarateChop.Tests", "KarateChop.Tests\KarateChop.Tests.csproj", "{286DD65C-2081-4F82-9AD6-D2A44808565D}"
EndProject
Global
	GlobalSection(SolutionConfigurationPlatforms) = preSolution
		Debug|Any CPU = Debug|Any CPU
		Release|Any CPU = Release|Any CPU
	EndGlobalSection
	GlobalSection(ProjectConfigurationPlatforms) = postSolution
		{A5C405C9-1080-4263-B2CC-BE100DDAE03E}.Debug|Any CPU.ActiveCfg = Debug|Any CPU
		{A5C405C9-1080-4263-B2CC-BE100DDAE03E}.Debug|Any CPU.Build.0 = Debug|Any CPU
		{A5C405C9-1080-4263-B2CC-BE100DDAE03E}.Release|Any CPU.ActiveCfg = Release|Any CPU
		{A5C405C9-1080-4263-B2CC-BE100DDAE03E}.Release|Any CPU.Build.0 = Release|Any CPU
		{286DD65C-2081-4F82-9AD6-D2A44808565D}.Debug|Any CPU.ActiveCfg = Debug|Any CPU
		{286DD65C-2081-4F82-9AD6-D2A44808565D}.Debug|Any CPU.Build.0 = Debug|Any CPU
		{286DD65C-2081-4F82-9AD6-D2A44808565D}.Release|Any CPU.ActiveCfg = Release|Any CPU
		{286DD65C-2081-4F82-9AD6-D2A44808565D}.Release|Any CPU.Build.0 = Release|Any CPU
	EndGlobalSection
	GlobalSection(SolutionProperties) = preSolution
		HideSolutionNode = FALSE
	EndGlobalSection
	GlobalSection(ExtensibilityGlobals) = postSolution
		SolutionGuid = {D045166D-0D8C-43B6-80D7-F16CFB033991}
	EndGlobalSection
EndGlobal
